
Microsoft Visual Studio Solution File, Format Version 12.00
# Visual Studio 15
Project("{FAE04EC0-301F-11D3-BF4B-00C04F79EFBC}") = "Assembly-CSharp", "Assembly-CSharp.csproj", "{99F825D5-7569-2826-F30B-DE3DA2C3BA75}"
EndProject
Project("{FAE04EC0-301F-11D3-BF4B-00C04F79EFBC}") = "Assembly-CSharp-Editor", "Assembly-CSharp-Editor.csproj", "{862C7E57-9E19-2800-E642-D6534E39A037}"
EndProject
Global
	GlobalSection(SolutionConfigurationPlatforms) = preSolution
		Debug|Any CPU = Debug|Any CPU
		Release|Any CPU = Release|Any CPU
	EndGlobalSection
	GlobalSection(ProjectConfigurationPlatforms) = postSolution
		{99F825D5-7569-2826-F30B-DE3DA2C3BA75}.Debug|Any CPU.ActiveCfg = Debug|Any CPU
		{99F825D5-7569-2826-F30B-DE3DA2C3BA75}.Debug|Any CPU.Build.0 = Debug|Any CPU
		{99F825D5-7569-2826-F30B-DE3DA2C3BA75}.Release|Any CPU.ActiveCfg = Release|Any CPU
		{99F825D5-7569-2826-F30B-DE3DA2C3BA75}.Release|Any CPU.Build.0 = Release|Any CPU
		{862C7E57-9E19-2800-E642-D6534E39A037}.Debug|Any CPU.ActiveCfg = Debug|Any CPU
		{862C7E57-9E19-2800-E642-D6534E39A037}.Debug|Any CPU.Build.0 = Debug|Any CPU
		{862C7E57-9E19-2800-E642-D6534E39A037}.Release|Any CPU.ActiveCfg = Release|Any CPU
		{862C7E57-9E19-2800-E642-D6534E39A037}.Release|Any CPU.Build.0 = Release|Any CPU
	EndGlobalSection
	GlobalSection(SolutionProperties) = preSolution
		HideSolutionNode = FALSE
	EndGlobalSection
EndGlobal
